// !$*UTF8*$!
{
	archiveVersion = 1;
	classes = {
	};
	objectVersion = 48;
	objects = {

/* Begin PBXBuildFile section */
		1303CCD02043D17E003ED964 /* AppDelegate.swift in Sources */ = {isa = PBXBuildFile; fileRef = 1303CCCF2043D17E003ED964 /* AppDelegate.swift */; };
		1303CCD22043D17E003ED964 /* ViewController.swift in Sources */ = {isa = PBXBuildFile; fileRef = 1303CCD12043D17E003ED964 /* ViewController.swift */; };
		1303CCD52043D17E003ED964 /* Main.storyboard in Resources */ = {isa = PBXBuildFile; fileRef = 1303CCD32043D17E003ED964 /* Main.storyboard */; };
		1303CCD82043D17E003ED964 /* Goal_Post_App.xcdatamodeld in Sources */ = {isa = PBXBuildFile; fileRef = 1303CCD62043D17E003ED964 /* Goal_Post_App.xcdatamodeld */; };
		1303CCDA2043D17E003ED964 /* Assets.xcassets in Resources */ = {isa = PBXBuildFile; fileRef = 1303CCD92043D17E003ED964 /* Assets.xcassets */; };
		1303CCDD2043D17E003ED964 /* LaunchScreen.storyboard in Resources */ = {isa = PBXBuildFile; fileRef = 1303CCDB2043D17E003ED964 /* LaunchScreen.storyboard */; };
		13B3846E2047C73400C68330 /* CreateGoalVC.swift in Sources */ = {isa = PBXBuildFile; fileRef = 13B3846D2047C73400C68330 /* CreateGoalVC.swift */; };
		13B384702047C8BC00C68330 /* UIViewControllerExt.swift in Sources */ = {isa = PBXBuildFile; fileRef = 13B3846F2047C8BC00C68330 /* UIViewControllerExt.swift */; };
		13CB711B20451C70002D2A11 /* GoalCell.swift in Sources */ = {isa = PBXBuildFile; fileRef = 13CB711A20451C70002D2A11 /* GoalCell.swift */; };
		13CB711D204528C3002D2A11 /* GoalType.swift in Sources */ = {isa = PBXBuildFile; fileRef = 13CB711C204528C3002D2A11 /* GoalType.swift */; };
/* End PBXBuildFile section */

/* Begin PBXFileReference section */
		1303CCCC2043D17E003ED964 /* Goal Post App.app */ = {isa = PBXFileReference; explicitFileType = wrapper.application; includeInIndex = 0; path = "Goal Post App.app"; sourceTree = BUILT_PRODUCTS_DIR; };
		1303CCCF2043D17E003ED964 /* AppDelegate.swift */ = {isa = PBXFileReference; lastKnownFileType = sourcecode.swift; path = AppDelegate.swift; sourceTree = "<group>"; };
		1303CCD12043D17E003ED964 /* ViewController.swift */ = {isa = PBXFileReference; lastKnownFileType = sourcecode.swift; path = ViewController.swift; sourceTree = "<group>"; };
		1303CCD42043D17E003ED964 /* Base */ = {isa = PBXFileReference; lastKnownFileType = file.storyboard; name = Base; path = Base.lproj/Main.storyboard; sourceTree = "<group>"; };
		1303CCD72043D17E003ED964 /* Goal_Post_App.xcdatamodel */ = {isa = PBXFileReference; lastKnownFileType = wrapper.xcdatamodel; path = Goal_Post_App.xcdatamodel; sourceTree = "<group>"; };
		1303CCD92043D17E003ED964 /* Assets.xcassets */ = {isa = PBXFileReference; lastKnownFileType = folder.assetcatalog; path = Assets.xcassets; sourceTree = "<group>"; };
		1303CCDC2043D17E003ED964 /* Base */ = {isa = PBXFileReference; lastKnownFileType = file.storyboard; name = Base; path = Base.lproj/LaunchScreen.storyboard; sourceTree = "<group>"; };
		1303CCDE2043D17E003ED964 /* Info.plist */ = {isa = PBXFileReference; lastKnownFileType = text.plist.xml; path = Info.plist; sourceTree = "<group>"; };
		13B3846D2047C73400C68330 /* CreateGoalVC.swift */ = {isa = PBXFileReference; lastKnownFileType = sourcecode.swift; path = CreateGoalVC.swift; sourceTree = "<group>"; };
		13B3846F2047C8BC00C68330 /* UIViewControllerExt.swift */ = {isa = PBXFileReference; lastKnownFileType = sourcecode.swift; path = UIViewControllerExt.swift; sourceTree = "<group>"; };
		13CB711A20451C70002D2A11 /* GoalCell.swift */ = {isa = PBXFileReference; lastKnownFileType = sourcecode.swift; path = GoalCell.swift; sourceTree = "<group>"; };
		13CB711C204528C3002D2A11 /* GoalType.swift */ = {isa = PBXFileReference; lastKnownFileType = sourcecode.swift; path = GoalType.swift; sourceTree = "<group>"; };
/* End PBXFileReference section */

/* Begin PBXFrameworksBuildPhase section */
		1303CCC92043D17E003ED964 /* Frameworks */ = {
			isa = PBXFrameworksBuildPhase;
			buildActionMask = 2147483647;
			files = (
			);
			runOnlyForDeploymentPostprocessing = 0;
		};
/* End PBXFrameworksBuildPhase section */

/* Begin PBXGroup section */
		1303CCC32043D17E003ED964 = {
			isa = PBXGroup;
			children = (
				1303CCCE2043D17E003ED964 /* Goal Post App */,
				1303CCCD2043D17E003ED964 /* Products */,
			);
			sourceTree = "<group>";
		};
		1303CCCD2043D17E003ED964 /* Products */ = {
			isa = PBXGroup;
			children = (
				1303CCCC2043D17E003ED964 /* Goal Post App.app */,
			);
			name = Products;
			sourceTree = "<group>";
		};
		1303CCCE2043D17E003ED964 /* Goal Post App */ = {
			isa = PBXGroup;
			children = (
				1303CCE72043D1C7003ED964 /* Extensions */,
				1303CCE62043D1C2003ED964 /* Enums */,
				1303CCE52043D1A7003ED964 /* Views */,
				1303CCE42043D198003ED964 /* Controller */,
				1303CCCF2043D17E003ED964 /* AppDelegate.swift */,
				1303CCD32043D17E003ED964 /* Main.storyboard */,
				1303CCD92043D17E003ED964 /* Assets.xcassets */,
				1303CCDB2043D17E003ED964 /* LaunchScreen.storyboard */,
				1303CCDE2043D17E003ED964 /* Info.plist */,
				1303CCD62043D17E003ED964 /* Goal_Post_App.xcdatamodeld */,
			);
			path = "Goal Post App";
			sourceTree = "<group>";
		};
		1303CCE42043D198003ED964 /* Controller */ = {
			isa = PBXGroup;
			children = (
				1303CCD12043D17E003ED964 /* ViewController.swift */,
				13B3846D2047C73400C68330 /* CreateGoalVC.swift */,
			);
			path = Controller;
			sourceTree = "<group>";
		};
		1303CCE52043D1A7003ED964 /* Views */ = {
			isa = PBXGroup;
			children = (
				13CB711A20451C70002D2A11 /* GoalCell.swift */,
			);
			path = Views;
			sourceTree = "<group>";
		};
		1303CCE62043D1C2003ED964 /* Enums */ = {
			isa = PBXGroup;
			children = (
				13CB711C204528C3002D2A11 /* GoalType.swift */,
			);
			path = Enums;
			sourceTree = "<group>";
		};
		1303CCE72043D1C7003ED964 /* Extensions */ = {
			isa = PBXGroup;
			children = (
				13B3846F2047C8BC00C68330 /* UIViewControllerExt.swift */,
			);
			path = Extensions;
			sourceTree = "<group>";
		};
/* End PBXGroup section */

/* Begin PBXNativeTarget section */
		1303CCCB2043D17E003ED964 /* Goal Post App */ = {
			isa = PBXNativeTarget;
			buildConfigurationList = 1303CCE12043D17E003ED964 /* Build configuration list for PBXNativeTarget "Goal Post App" */;
			buildPhases = (
				1303CCC82043D17E003ED964 /* Sources */,
				1303CCC92043D17E003ED964 /* Frameworks */,
				1303CCCA2043D17E003ED964 /* Resources */,
			);
			buildRules = (
			);
			dependencies = (
			);
			name = "Goal Post App";
			productName = "Goal Post App";
			productReference = 1303CCCC2043D17E003ED964 /* Goal Post App.app */;
			productType = "com.apple.product-type.application";
		};
/* End PBXNativeTarget section */

/* Begin PBXProject section */
		1303CCC42043D17E003ED964 /* Project object */ = {
			isa = PBXProject;
			attributes = {
				LastSwiftUpdateCheck = 0920;
				LastUpgradeCheck = 0920;
				ORGANIZATIONNAME = "Mark Rabins";
				TargetAttributes = {
					1303CCCB2043D17E003ED964 = {
						CreatedOnToolsVersion = 9.2;
						ProvisioningStyle = Automatic;
					};
				};
			};
			buildConfigurationList = 1303CCC72043D17E003ED964 /* Build configuration list for PBXProject "Goal Post App" */;
			compatibilityVersion = "Xcode 8.0";
			developmentRegion = en;
			hasScannedForEncodings = 0;
			knownRegions = (
				en,
				Base,
			);
			mainGroup = 1303CCC32043D17E003ED964;
			productRefGroup = 1303CCCD2043D17E003ED964 /* Products */;
			projectDirPath = "";
			projectRoot = "";
			targets = (
				1303CCCB2043D17E003ED964 /* Goal Post App */,
			);
		};
/* End PBXProject section */

/* Begin PBXResourcesBuildPhase section */
		1303CCCA2043D17E003ED964 /* Resources */ = {
			isa = PBXResourcesBuildPhase;
			buildActionMask = 2147483647;
			files = (
				1303CCDD2043D17E003ED964 /* LaunchScreen.storyboard in Resources */,
				1303CCDA2043D17E003ED964 /* Assets.xcassets in Resources */,
				1303CCD52043D17E003ED964 /* Main.storyboard in Resources */,
			);
			runOnlyForDeploymentPostprocessing = 0;
		};
/* End PBXResourcesBuildPhase section */

/* Begin PBXSourcesBuildPhase section */
		1303CCC82043D17E003ED964 /* Sources */ = {
			isa = PBXSourcesBuildPhase;
			buildActionMask = 2147483647;
			files = (
				13CB711B20451C70002D2A11 /* GoalCell.swift in Sources */,
				13B3846E2047C73400C68330 /* CreateGoalVC.swift in Sources */,
				13CB711D204528C3002D2A11 /* GoalType.swift in Sources */,
				1303CCD22043D17E003ED964 /* ViewController.swift in Sources */,
				1303CCD02043D17E003ED964 /* AppDelegate.swift in Sources */,
				13B384702047C8BC00C68330 /* UIViewControllerExt.swift in Sources */,
				1303CCD82043D17E003ED964 /* Goal_Post_App.xcdatamodeld in Sources */,
			);
			runOnlyForDeploymentPostprocessing = 0;
		};
/* End PBXSourcesBuildPhase section */

/* Begin PBXVariantGroup section */
		1303CCD32043D17E003ED964 /* Main.storyboard */ = {
			isa = PBXVariantGroup;
			children = (
				1303CCD42043D17E003ED964 /* Base */,
			);
			name = Main.storyboard;
			sourceTree = "<group>";
		};
		1303CCDB2043D17E003ED964 /* LaunchScreen.storyboard */ = {
			isa = PBXVariantGroup;
			children = (
				1303CCDC2043D17E003ED964 /* Base */,
			);
			name = LaunchScreen.storyboard;
			sourceTree = "<group>";
		};
/* End PBXVariantGroup section */

/* Begin XCBuildConfiguration section */
		1303CCDF2043D17E003ED964 /* Debug */ = {
			isa = XCBuildConfiguration;
			buildSettings = {
				ALWAYS_SEARCH_USER_PATHS = NO;
				CLANG_ANALYZER_NONNULL = YES;
				CLANG_ANALYZER_NUMBER_OBJECT_CONVERSION = YES_AGGRESSIVE;
				CLANG_CXX_LANGUAGE_STANDARD = "gnu++14";
				CLANG_CXX_LIBRARY = "libc++";
				CLANG_ENABLE_MODULES = YES;
				CLANG_ENABLE_OBJC_ARC = YES;
				CLANG_WARN_BLOCK_CAPTURE_AUTORELEASING = YES;
				CLANG_WARN_BOOL_CONVERSION = YES;
				CLANG_WARN_COMMA = YES;
				CLANG_WARN_CONSTANT_CONVERSION = YES;
				CLANG_WARN_DIRECT_OBJC_ISA_USAGE = YES_ERROR;
				CLANG_WARN_DOCUMENTATION_COMMENTS = YES;
				CLANG_WARN_EMPTY_BODY = YES;
				CLANG_WARN_ENUM_CONVERSION = YES;
				CLANG_WARN_INFINITE_RECURSION = YES;
				CLANG_WARN_INT_CONVERSION = YES;
				CLANG_WARN_NON_LITERAL_NULL_CONVERSION = YES;
				CLANG_WARN_OBJC_LITERAL_CONVERSION = YES;
				CLANG_WARN_OBJC_ROOT_CLASS = YES_ERROR;
				CLANG_WARN_RANGE_LOOP_ANALYSIS = YES;
				CLANG_WARN_STRICT_PROTOTYPES = YES;
				CLANG_WARN_SUSPICIOUS_MOVE = YES;
				CLANG_WARN_UNGUARDED_AVAILABILITY = YES_AGGRESSIVE;
				CLANG_WARN_UNREACHABLE_CODE = YES;
				CLANG_WARN__DUPLICATE_METHOD_MATCH = YES;
				CODE_SIGN_IDENTITY = "iPhone Developer";
				COPY_PHASE_STRIP = NO;
				DEBUG_INFORMATION_FORMAT = dwarf;
				ENABLE_STRICT_OBJC_MSGSEND = YES;
				ENABLE_TESTABILITY = YES;
				GCC_C_LANGUAGE_STANDARD = gnu11;
				GCC_DYNAMIC_NO_PIC = NO;
				GCC_NO_COMMON_BLOCKS = YES;
				GCC_OPTIMIZATION_LEVEL = 0;
				GCC_PREPROCESSOR_DEFINITIONS = (
					"DEBUG=1",
					"$(inherited)",
				);
				GCC_WARN_64_TO_32_BIT_CONVERSION = YES;
				GCC_WARN_ABOUT_RETURN_TYPE = YES_ERROR;
				GCC_WARN_UNDECLARED_SELECTOR = YES;
				GCC_WARN_UNINITIALIZED_AUTOS = YES_AGGRESSIVE;
				GCC_WARN_UNUSED_FUNCTION = YES;
				GCC_WARN_UNUSED_VARIABLE = YES;
				IPHONEOS_DEPLOYMENT_TARGET = 11.2;
				MTL_ENABLE_DEBUG_INFO = YES;
				ONLY_ACTIVE_ARCH = YES;
				SDKROOT = iphoneos;
				SWIFT_ACTIVE_COMPILATION_CONDITIONS = DEBUG;
				SWIFT_OPTIMIZATION_LEVEL = "-Onone";
			};
			name = Debug;
		};
		1303CCE02043D17E003ED964 /* Release */ = {
			isa = XCBuildConfiguration;
			buildSettings = {
				ALWAYS_SEARCH_USER_PATHS = NO;
				CLANG_ANALYZER_NONNULL = YES;
				CLANG_ANALYZER_NUMBER_OBJECT_CONVERSION = YES_AGGRESSIVE;
				CLANG_CXX_LANGUAGE_STANDARD = "gnu++14";
				CLANG_CXX_LIBRARY = "libc++";
				CLANG_ENABLE_MODULES = YES;
				CLANG_ENABLE_OBJC_ARC = YES;
				CLANG_WARN_BLOCK_CAPTURE_AUTORELEASING = YES;
				CLANG_WARN_BOOL_CONVERSION = YES;
				CLANG_WARN_COMMA = YES;
				CLANG_WARN_CONSTANT_CONVERSION = YES;
				CLANG_WARN_DIRECT_OBJC_ISA_USAGE = YES_ERROR;
				CLANG_WARN_DOCUMENTATION_COMMENTS = YES;
				CLANG_WARN_EMPTY_BODY = YES;
				CLANG_WARN_ENUM_CONVERSION = YES;
				CLANG_WARN_INFINITE_RECURSION = YES;
				CLANG_WARN_INT_CONVERSION = YES;
				CLANG_WARN_NON_LITERAL_NULL_CONVERSION = YES;
				CLANG_WARN_OBJC_LITERAL_CONVERSION = YES;
				CLANG_WARN_OBJC_ROOT_CLASS = YES_ERROR;
				CLANG_WARN_RANGE_LOOP_ANALYSIS = YES;
				CLANG_WARN_STRICT_PROTOTYPES = YES;
				CLANG_WARN_SUSPICIOUS_MOVE = YES;
				CLANG_WARN_UNGUARDED_AVAILABILITY = YES_AGGRESSIVE;
				CLANG_WARN_UNREACHABLE_CODE = YES;
				CLANG_WARN__DUPLICATE_METHOD_MATCH = YES;
				CODE_SIGN_IDENTITY = "iPhone Developer";
				COPY_PHASE_STRIP = NO;
				DEBUG_INFORMATION_FORMAT = "dwarf-with-dsym";
				ENABLE_NS_ASSERTIONS = NO;
				ENABLE_STRICT_OBJC_MSGSEND = YES;
				GCC_C_LANGUAGE_STANDARD = gnu11;
				GCC_NO_COMMON_BLOCKS = YES;
				GCC_WARN_64_TO_32_BIT_CONVERSION = YES;
				GCC_WARN_ABOUT_RETURN_TYPE = YES_ERROR;
				GCC_WARN_UNDECLARED_SELECTOR = YES;
				GCC_WARN_UNINITIALIZED_AUTOS = YES_AGGRESSIVE;
				GCC_WARN_UNUSED_FUNCTION = YES;
				GCC_WARN_UNUSED_VARIABLE = YES;
				IPHONEOS_DEPLOYMENT_TARGET = 11.2;
				MTL_ENABLE_DEBUG_INFO = NO;
				SDKROOT = iphoneos;
				SWIFT_OPTIMIZATION_LEVEL = "-Owholemodule";
				VALIDATE_PRODUCT = YES;
			};
			name = Release;
		};
		1303CCE22043D17E003ED964 /* Debug */ = {
			isa = XCBuildConfiguration;
			buildSettings = {
				ASSETCATALOG_COMPILER_APPICON_NAME = AppIcon;
				CODE_SIGN_STYLE = Automatic;
				DEVELOPMENT_TEAM = BH7K47FNYW;
				INFOPLIST_FILE = "Goal Post App/Info.plist";
				LD_RUNPATH_SEARCH_PATHS = "$(inherited) @executable_path/Frameworks";
				PRODUCT_BUNDLE_IDENTIFIER = "com.cal.pal.Goal-Post-App";
				PRODUCT_NAME = "$(TARGET_NAME)";
				SWIFT_VERSION = 4.0;
				TARGETED_DEVICE_FAMILY = "1,2";
			};
			name = Debug;
		};
		1303CCE32043D17E003ED964 /* Release */ = {
			isa = XCBuildConfiguration;
			buildSettings = {
				ASSETCATALOG_COMPILER_APPICON_NAME = AppIcon;
				CODE_SIGN_STYLE = Automatic;
				DEVELOPMENT_TEAM = BH7K47FNYW;
				INFOPLIST_FILE = "Goal Post App/Info.plist";
				LD_RUNPATH_SEARCH_PATHS = "$(inherited) @executable_path/Frameworks";
				PRODUCT_BUNDLE_IDENTIFIER = "com.cal.pal.Goal-Post-App";
				PRODUCT_NAME = "$(TARGET_NAME)";
				SWIFT_VERSION = 4.0;
				TARGETED_DEVICE_FAMILY = "1,2";
			};
			name = Release;
		};
/* End XCBuildConfiguration section */

/* Begin XCConfigurationList section */
		1303CCC72043D17E003ED964 /* Build configuration list for PBXProject "Goal Post App" */ = {
			isa = XCConfigurationList;
			buildConfigurations = (
				1303CCDF2043D17E003ED964 /* Debug */,
				1303CCE02043D17E003ED964 /* Release */,
			);
			defaultConfigurationIsVisible = 0;
			defaultConfigurationName = Release;
		};
		1303CCE12043D17E003ED964 /* Build configuration list for PBXNativeTarget "Goal Post App" */ = {
			isa = XCConfigurationList;
			buildConfigurations = (
				1303CCE22043D17E003ED964 /* Debug */,
				1303CCE32043D17E003ED964 /* Release */,
			);
			defaultConfigurationIsVisible = 0;
			defaultConfigurationName = Release;
		};
/* End XCConfigurationList section */

/* Begin XCVersionGroup section */
		1303CCD62043D17E003ED964 /* Goal_Post_App.xcdatamodeld */ = {
			isa = XCVersionGroup;
			children = (
				1303CCD72043D17E003ED964 /* Goal_Post_App.xcdatamodel */,
			);
			currentVersion = 1303CCD72043D17E003ED964 /* Goal_Post_App.xcdatamodel */;
			path = Goal_Post_App.xcdatamodeld;
			sourceTree = "<group>";
			versionGroupType = wrapper.xcdatamodel;
		};
/* End XCVersionGroup section */
	};
	rootObject = 1303CCC42043D17E003ED964 /* Project object */;
}
